# This file is generated by running "yarn install" inside your project.
# Manual changes might be lost - proceed with caution!

__metadata:
  version: 6
  cacheKey: 8

"autoprefixer@npm:^10.4.21":
  version: 10.4.21
  resolution: "autoprefixer@npm:10.4.21"
  dependencies:
    browserslist: ^4.24.4
    caniuse-lite: ^1.0.30001702
    fraction.js: ^4.3.7
    normalize-range: ^0.1.2
    picocolors: ^1.1.1
    postcss-value-parser: ^4.2.0
  peerDependencies:
    postcss: ^8.1.0
  bin:
    autoprefixer: bin/autoprefixer
  checksum: 11770ce635a0520e457eaf2ff89056cd57094796a9f5d6d9375513388a5a016cd947333dcfd213b822fdd8a0b43ce68ae4958e79c6f077c41d87444c8cca0235
  languageName: node
  linkType: hard

"browserslist@npm:^4.24.4":
  version: 4.25.1
  resolution: "browserslist@npm:4.25.1"
  dependencies:
    caniuse-lite: ^1.0.30001726
    electron-to-chromium: ^1.5.173
    node-releases: ^2.0.19
    update-browserslist-db: ^1.1.3
  bin:
    browserslist: cli.js
  checksum: 2a7e4317e809b09a436456221a1fcb8ccbd101bada187ed217f7a07a9e42ced822c7c86a0a4333d7d1b4e6e0c859d201732ffff1585d6bcacd8d226f6ddce7e3
  languageName: node
  linkType: hard

"caniuse-lite@npm:^1.0.30001702, caniuse-lite@npm:^1.0.30001726":
  version: 1.0.30001727
  resolution: "caniuse-lite@npm:1.0.30001727"
  checksum: 2bc6112f242701198a99c17713d4409be9b404d09005f34f351ec29a4ea46c054e7aa4982bc16f06b81b7a375cbc61c937e89650170cbce84db772a376ed3963
  languageName: node
  linkType: hard

"cyber-secu@workspace:.":
  version: 0.0.0-use.local
  resolution: "cyber-secu@workspace:."
  dependencies:
    autoprefixer: ^10.4.21
    postcss: ^8.5.6
    tailwindcss: latest
  languageName: unknown
  linkType: soft

"electron-to-chromium@npm:^1.5.173":
  version: 1.5.191
  resolution: "electron-to-chromium@npm:1.5.191"
  checksum: da0e3fdaca909e00d84f2e0af8bf0d9ccbfdf5e83e490b9bf4a86549a55219e7b788b23e57f084facbcca1af299fc757f76706c152ce9ae28d81c3eb43aa80f6
  languageName: node
  linkType: hard

"escalade@npm:^3.2.0":
  version: 3.2.0
  resolution: "escalade@npm:3.2.0"
  checksum: 47b029c83de01b0d17ad99ed766347b974b0d628e848de404018f3abee728e987da0d2d370ad4574aa3d5b5bfc368754fd085d69a30f8e75903486ec4b5b709e
  languageName: node
  linkType: hard

"fraction.js@npm:^4.3.7":
  version: 4.3.7
  resolution: "fraction.js@npm:4.3.7"
  checksum: e1553ae3f08e3ba0e8c06e43a3ab20b319966dfb7ddb96fd9b5d0ee11a66571af7f993229c88ebbb0d4a816eb813a24ed48207b140d442a8f76f33763b8d1f3f
  languageName: node
  linkType: hard

"nanoid@npm:^3.3.11":
  version: 3.3.11
  resolution: "nanoid@npm:3.3.11"
  bin:
    nanoid: bin/nanoid.cjs
  checksum: 3be20d8866a57a6b6d218e82549711c8352ed969f9ab3c45379da28f405363ad4c9aeb0b39e9abc101a529ca65a72ff9502b00bf74a912c4b64a9d62dfd26c29
  languageName: node
  linkType: hard

"node-releases@npm:^2.0.19":
  version: 2.0.19
  resolution: "node-releases@npm:2.0.19"
  checksum: 917dbced519f48c6289a44830a0ca6dc944c3ee9243c468ebd8515a41c97c8b2c256edb7f3f750416bc37952cc9608684e6483c7b6c6f39f6bd8d86c52cfe658
  languageName: node
  linkType: hard

"normalize-range@npm:^0.1.2":
  version: 0.1.2
  resolution: "normalize-range@npm:0.1.2"
  checksum: 9b2f14f093593f367a7a0834267c24f3cb3e887a2d9809c77d8a7e5fd08738bcd15af46f0ab01cc3a3d660386f015816b5c922cea8bf2ee79777f40874063184
  languageName: node
  linkType: hard

"picocolors@npm:^1.1.1":
  version: 1.1.1
  resolution: "picocolors@npm:1.1.1"
  checksum: e1cf46bf84886c79055fdfa9dcb3e4711ad259949e3565154b004b260cd356c5d54b31a1437ce9782624bf766272fe6b0154f5f0c744fb7af5d454d2b60db045
  languageName: node
  linkType: hard

"postcss-value-parser@npm:^4.2.0":
  version: 4.2.0
  resolution: "postcss-value-parser@npm:4.2.0"
  checksum: 819ffab0c9d51cf0acbabf8996dffbfafbafa57afc0e4c98db88b67f2094cb44488758f06e5da95d7036f19556a4a732525e84289a425f4f6fd8e412a9d7442f
  languageName: node
  linkType: hard

"postcss@npm:^8.5.6":
  version: 8.5.6
  resolution: "postcss@npm:8.5.6"
  dependencies:
    nanoid: ^3.3.11
    picocolors: ^1.1.1
    source-map-js: ^1.2.1
  checksum: 20f3b5d673ffeec2b28d65436756d31ee33f65b0a8bedb3d32f556fbd5973be38c3a7fb5b959a5236c60a5db7b91b0a6b14ffaac0d717dce1b903b964ee1c1bb
  languageName: node
  linkType: hard

"source-map-js@npm:^1.2.1":
  version: 1.2.1
  resolution: "source-map-js@npm:1.2.1"
  checksum: 4eb0cd997cdf228bc253bcaff9340afeb706176e64868ecd20efbe6efea931465f43955612346d6b7318789e5265bdc419bc7669c1cebe3db0eb255f57efa76b
  languageName: node
  linkType: hard

"tailwindcss@npm:latest":
  version: 4.1.11
  resolution: "tailwindcss@npm:4.1.11"
  checksum: db5883219aa7b4192aa13a028547867c5d6c18b3438b99c25ac7af64c3f9475d1b96970cb27f52f6f53789bb91d8fc4ed8e7f181c73ba7dda721cf5a44983804
  languageName: node
  linkType: hard

"update-browserslist-db@npm:^1.1.3":
  version: 1.1.3
  resolution: "update-browserslist-db@npm:1.1.3"
  dependencies:
    escalade: ^3.2.0
    picocolors: ^1.1.1
  peerDependencies:
    browserslist: ">= 4.21.0"
  bin:
    update-browserslist-db: cli.js
  checksum: 7b6d8d08c34af25ee435bccac542bedcb9e57c710f3c42421615631a80aa6dd28b0a81c9d2afbef53799d482fb41453f714b8a7a0a8003e3b4ec8fb1abb819af
  languageName: node
  linkType: hard
